// !$*UTF8*$!
{
	archiveVersion = 1;
	classes = {
	};
	objectVersion = 55;
	objects = {

/* Begin PBXBuildFile section */
		A36B1ABD2B98910D00EF893B /* Login_And_RegisterApp.swift in Sources */ = {isa = PBXBuildFile; fileRef = A36B1ABC2B98910D00EF893B /* Login_And_RegisterApp.swift */; };
		A36B1ABF2B98910D00EF893B /* WelcomeScreen.swift in Sources */ = {isa = PBXBuildFile; fileRef = A36B1ABE2B98910D00EF893B /* WelcomeScreen.swift */; };
		A36B1AC12B98910F00EF893B /* Assets.xcassets in Resources */ = {isa = PBXBuildFile; fileRef = A36B1AC02B98910F00EF893B /* Assets.xcassets */; };
		A36B1AC42B98910F00EF893B /* Preview Assets.xcassets in Resources */ = {isa = PBXBuildFile; fileRef = A36B1AC32B98910F00EF893B /* Preview Assets.xcassets */; };
		A383B3B52B99ADF20009CA70 /* validation.swift in Sources */ = {isa = PBXBuildFile; fileRef = A383B3B42B99ADF20009CA70 /* validation.swift */; };
		A39B340C2B997DCC008F4AB3 /* LoginScreen.swift in Sources */ = {isa = PBXBuildFile; fileRef = A39B340B2B997DCC008F4AB3 /* LoginScreen.swift */; };
		A39B340E2B997E23008F4AB3 /* RegisterationScreen.swift in Sources */ = {isa = PBXBuildFile; fileRef = A39B340D2B997E23008F4AB3 /* RegisterationScreen.swift */; };
/* End PBXBuildFile section */

/* Begin PBXFileReference section */
		A36B1AB92B98910D00EF893B /* Login_And_Register.app */ = {isa = PBXFileReference; explicitFileType = wrapper.application; includeInIndex = 0; path = Login_And_Register.app; sourceTree = BUILT_PRODUCTS_DIR; };
		A36B1ABC2B98910D00EF893B /* Login_And_RegisterApp.swift */ = {isa = PBXFileReference; lastKnownFileType = sourcecode.swift; path = Login_And_RegisterApp.swift; sourceTree = "<group>"; };
		A36B1ABE2B98910D00EF893B /* WelcomeScreen.swift */ = {isa = PBXFileReference; lastKnownFileType = sourcecode.swift; path = WelcomeScreen.swift; sourceTree = "<group>"; };
		A36B1AC02B98910F00EF893B /* Assets.xcassets */ = {isa = PBXFileReference; lastKnownFileType = folder.assetcatalog; path = Assets.xcassets; sourceTree = "<group>"; };
		A36B1AC32B98910F00EF893B /* Preview Assets.xcassets */ = {isa = PBXFileReference; lastKnownFileType = folder.assetcatalog; path = "Preview Assets.xcassets"; sourceTree = "<group>"; };
		A383B3B42B99ADF20009CA70 /* validation.swift */ = {isa = PBXFileReference; lastKnownFileType = sourcecode.swift; path = validation.swift; sourceTree = "<group>"; };
		A39B340B2B997DCC008F4AB3 /* LoginScreen.swift */ = {isa = PBXFileReference; lastKnownFileType = sourcecode.swift; path = LoginScreen.swift; sourceTree = "<group>"; };
		A39B340D2B997E23008F4AB3 /* RegisterationScreen.swift */ = {isa = PBXFileReference; lastKnownFileType = sourcecode.swift; path = RegisterationScreen.swift; sourceTree = "<group>"; };
/* End PBXFileReference section */

/* Begin PBXFrameworksBuildPhase section */
		A36B1AB62B98910D00EF893B /* Frameworks */ = {
			isa = PBXFrameworksBuildPhase;
			buildActionMask = 2147483647;
			files = (
			);
			runOnlyForDeploymentPostprocessing = 0;
		};
/* End PBXFrameworksBuildPhase section */

/* Begin PBXGroup section */
		A36B1AB02B98910D00EF893B = {
			isa = PBXGroup;
			children = (
				A36B1ABB2B98910D00EF893B /* Login_And_Register */,
				A36B1ABA2B98910D00EF893B /* Products */,
			);
			sourceTree = "<group>";
		};
		A36B1ABA2B98910D00EF893B /* Products */ = {
			isa = PBXGroup;
			children = (
				A36B1AB92B98910D00EF893B /* Login_And_Register.app */,
			);
			name = Products;
			sourceTree = "<group>";
		};
		A36B1ABB2B98910D00EF893B /* Login_And_Register */ = {
			isa = PBXGroup;
			children = (
				A36B1ABC2B98910D00EF893B /* Login_And_RegisterApp.swift */,
				A39B340F2B997E2E008F4AB3 /* Helper */,
				A39B34102B997E44008F4AB3 /* View */,
				A36B1AC02B98910F00EF893B /* Assets.xcassets */,
				A36B1AC22B98910F00EF893B /* Preview Content */,
			);
			path = Login_And_Register;
			sourceTree = "<group>";
		};
		A36B1AC22B98910F00EF893B /* Preview Content */ = {
			isa = PBXGroup;
			children = (
				A36B1AC32B98910F00EF893B /* Preview Assets.xcassets */,
			);
			path = "Preview Content";
			sourceTree = "<group>";
		};
		A39B340F2B997E2E008F4AB3 /* Helper */ = {
			isa = PBXGroup;
			children = (
				A383B3B42B99ADF20009CA70 /* validation.swift */,
			);
			path = Helper;
			sourceTree = "<group>";
		};
		A39B34102B997E44008F4AB3 /* View */ = {
			isa = PBXGroup;
			children = (
				A36B1ABE2B98910D00EF893B /* WelcomeScreen.swift */,
				A39B340B2B997DCC008F4AB3 /* LoginScreen.swift */,
				A39B340D2B997E23008F4AB3 /* RegisterationScreen.swift */,
			);
			path = View;
			sourceTree = "<group>";
		};
/* End PBXGroup section */

/* Begin PBXNativeTarget section */
		A36B1AB82B98910D00EF893B /* Login_And_Register */ = {
			isa = PBXNativeTarget;
			buildConfigurationList = A36B1AC72B98910F00EF893B /* Build configuration list for PBXNativeTarget "Login_And_Register" */;
			buildPhases = (
				A36B1AB52B98910D00EF893B /* Sources */,
				A36B1AB62B98910D00EF893B /* Frameworks */,
				A36B1AB72B98910D00EF893B /* Resources */,
			);
			buildRules = (
			);
			dependencies = (
			);
			name = Login_And_Register;
			productName = Login_And_Register;
			productReference = A36B1AB92B98910D00EF893B /* Login_And_Register.app */;
			productType = "com.apple.product-type.application";
		};
/* End PBXNativeTarget section */

/* Begin PBXProject section */
		A36B1AB12B98910D00EF893B /* Project object */ = {
			isa = PBXProject;
			attributes = {
				BuildIndependentTargetsInParallel = 1;
				LastSwiftUpdateCheck = 1310;
				LastUpgradeCheck = 1310;
				TargetAttributes = {
					A36B1AB82B98910D00EF893B = {
						CreatedOnToolsVersion = 13.1;
					};
				};
			};
			buildConfigurationList = A36B1AB42B98910D00EF893B /* Build configuration list for PBXProject "Login_And_Register" */;
			compatibilityVersion = "Xcode 13.0";
			developmentRegion = en;
			hasScannedForEncodings = 0;
			knownRegions = (
				en,
				Base,
			);
			mainGroup = A36B1AB02B98910D00EF893B;
			productRefGroup = A36B1ABA2B98910D00EF893B /* Products */;
			projectDirPath = "";
			projectRoot = "";
			targets = (
				A36B1AB82B98910D00EF893B /* Login_And_Register */,
			);
		};
/* End PBXProject section */

/* Begin PBXResourcesBuildPhase section */
		A36B1AB72B98910D00EF893B /* Resources */ = {
			isa = PBXResourcesBuildPhase;
			buildActionMask = 2147483647;
			files = (
				A36B1AC42B98910F00EF893B /* Preview Assets.xcassets in Resources */,
				A36B1AC12B98910F00EF893B /* Assets.xcassets in Resources */,
			);
			runOnlyForDeploymentPostprocessing = 0;
		};
/* End PBXResourcesBuildPhase section */

/* Begin PBXSourcesBuildPhase section */
		A36B1AB52B98910D00EF893B /* Sources */ = {
			isa = PBXSourcesBuildPhase;
			buildActionMask = 2147483647;
			files = (
				A39B340E2B997E23008F4AB3 /* RegisterationScreen.swift in Sources */,
				A36B1ABF2B98910D00EF893B /* WelcomeScreen.swift in Sources */,
				A36B1ABD2B98910D00EF893B /* Login_And_RegisterApp.swift in Sources */,
				A383B3B52B99ADF20009CA70 /* validation.swift in Sources */,
				A39B340C2B997DCC008F4AB3 /* LoginScreen.swift in Sources */,
			);
			runOnlyForDeploymentPostprocessing = 0;
		};
/* End PBXSourcesBuildPhase section */

/* Begin XCBuildConfiguration section */
		A36B1AC52B98910F00EF893B /* Debug */ = {
			isa = XCBuildConfiguration;
			buildSettings = {
				ALWAYS_SEARCH_USER_PATHS = NO;
				CLANG_ANALYZER_NONNULL = YES;
				CLANG_ANALYZER_NUMBER_OBJECT_CONVERSION = YES_AGGRESSIVE;
				CLANG_CXX_LANGUAGE_STANDARD = "gnu++17";
				CLANG_CXX_LIBRARY = "libc++";
				CLANG_ENABLE_MODULES = YES;
				CLANG_ENABLE_OBJC_ARC = YES;
				CLANG_ENABLE_OBJC_WEAK = YES;
				CLANG_WARN_BLOCK_CAPTURE_AUTORELEASING = YES;
				CLANG_WARN_BOOL_CONVERSION = YES;
				CLANG_WARN_COMMA = YES;
				CLANG_WARN_CONSTANT_CONVERSION = YES;
				CLANG_WARN_DEPRECATED_OBJC_IMPLEMENTATIONS = YES;
				CLANG_WARN_DIRECT_OBJC_ISA_USAGE = YES_ERROR;
				CLANG_WARN_DOCUMENTATION_COMMENTS = YES;
				CLANG_WARN_EMPTY_BODY = YES;
				CLANG_WARN_ENUM_CONVERSION = YES;
				CLANG_WARN_INFINITE_RECURSION = YES;
				CLANG_WARN_INT_CONVERSION = YES;
				CLANG_WARN_NON_LITERAL_NULL_CONVERSION = YES;
				CLANG_WARN_OBJC_IMPLICIT_RETAIN_SELF = YES;
				CLANG_WARN_OBJC_LITERAL_CONVERSION = YES;
				CLANG_WARN_OBJC_ROOT_CLASS = YES_ERROR;
				CLANG_WARN_QUOTED_INCLUDE_IN_FRAMEWORK_HEADER = YES;
				CLANG_WARN_RANGE_LOOP_ANALYSIS = YES;
				CLANG_WARN_STRICT_PROTOTYPES = YES;
				CLANG_WARN_SUSPICIOUS_MOVE = YES;
				CLANG_WARN_UNGUARDED_AVAILABILITY = YES_AGGRESSIVE;
				CLANG_WARN_UNREACHABLE_CODE = YES;
				CLANG_WARN__DUPLICATE_METHOD_MATCH = YES;
				COPY_PHASE_STRIP = NO;
				DEBUG_INFORMATION_FORMAT = dwarf;
				ENABLE_STRICT_OBJC_MSGSEND = YES;
				ENABLE_TESTABILITY = YES;
				GCC_C_LANGUAGE_STANDARD = gnu11;
				GCC_DYNAMIC_NO_PIC = NO;
				GCC_NO_COMMON_BLOCKS = YES;
				GCC_OPTIMIZATION_LEVEL = 0;
				GCC_PREPROCESSOR_DEFINITIONS = (
					"DEBUG=1",
					"$(inherited)",
				);
				GCC_WARN_64_TO_32_BIT_CONVERSION = YES;
				GCC_WARN_ABOUT_RETURN_TYPE = YES_ERROR;
				GCC_WARN_UNDECLARED_SELECTOR = YES;
				GCC_WARN_UNINITIALIZED_AUTOS = YES_AGGRESSIVE;
				GCC_WARN_UNUSED_FUNCTION = YES;
				GCC_WARN_UNUSED_VARIABLE = YES;
				IPHONEOS_DEPLOYMENT_TARGET = 15.0;
				MTL_ENABLE_DEBUG_INFO = INCLUDE_SOURCE;
				MTL_FAST_MATH = YES;
				ONLY_ACTIVE_ARCH = YES;
				SDKROOT = iphoneos;
				SWIFT_ACTIVE_COMPILATION_CONDITIONS = DEBUG;
				SWIFT_OPTIMIZATION_LEVEL = "-Onone";
			};
			name = Debug;
		};
		A36B1AC62B98910F00EF893B /* Release */ = {
			isa = XCBuildConfiguration;
			buildSettings = {
				ALWAYS_SEARCH_USER_PATHS = NO;
				CLANG_ANALYZER_NONNULL = YES;
				CLANG_ANALYZER_NUMBER_OBJECT_CONVERSION = YES_AGGRESSIVE;
				CLANG_CXX_LANGUAGE_STANDARD = "gnu++17";
				CLANG_CXX_LIBRARY = "libc++";
				CLANG_ENABLE_MODULES = YES;
				CLANG_ENABLE_OBJC_ARC = YES;
				CLANG_ENABLE_OBJC_WEAK = YES;
				CLANG_WARN_BLOCK_CAPTURE_AUTORELEASING = YES;
				CLANG_WARN_BOOL_CONVERSION = YES;
				CLANG_WARN_COMMA = YES;
				CLANG_WARN_CONSTANT_CONVERSION = YES;
				CLANG_WARN_DEPRECATED_OBJC_IMPLEMENTATIONS = YES;
				CLANG_WARN_DIRECT_OBJC_ISA_USAGE = YES_ERROR;
				CLANG_WARN_DOCUMENTATION_COMMENTS = YES;
				CLANG_WARN_EMPTY_BODY = YES;
				CLANG_WARN_ENUM_CONVERSION = YES;
				CLANG_WARN_INFINITE_RECURSION = YES;
				CLANG_WARN_INT_CONVERSION = YES;
				CLANG_WARN_NON_LITERAL_NULL_CONVERSION = YES;
				CLANG_WARN_OBJC_IMPLICIT_RETAIN_SELF = YES;
				CLANG_WARN_OBJC_LITERAL_CONVERSION = YES;
				CLANG_WARN_OBJC_ROOT_CLASS = YES_ERROR;
				CLANG_WARN_QUOTED_INCLUDE_IN_FRAMEWORK_HEADER = YES;
				CLANG_WARN_RANGE_LOOP_ANALYSIS = YES;
				CLANG_WARN_STRICT_PROTOTYPES = YES;
				CLANG_WARN_SUSPICIOUS_MOVE = YES;
				CLANG_WARN_UNGUARDED_AVAILABILITY = YES_AGGRESSIVE;
				CLANG_WARN_UNREACHABLE_CODE = YES;
				CLANG_WARN__DUPLICATE_METHOD_MATCH = YES;
				COPY_PHASE_STRIP = NO;
				DEBUG_INFORMATION_FORMAT = "dwarf-with-dsym";
				ENABLE_NS_ASSERTIONS = NO;
				ENABLE_STRICT_OBJC_MSGSEND = YES;
				GCC_C_LANGUAGE_STANDARD = gnu11;
				GCC_NO_COMMON_BLOCKS = YES;
				GCC_WARN_64_TO_32_BIT_CONVERSION = YES;
				GCC_WARN_ABOUT_RETURN_TYPE = YES_ERROR;
				GCC_WARN_UNDECLARED_SELECTOR = YES;
				GCC_WARN_UNINITIALIZED_AUTOS = YES_AGGRESSIVE;
				GCC_WARN_UNUSED_FUNCTION = YES;
				GCC_WARN_UNUSED_VARIABLE = YES;
				IPHONEOS_DEPLOYMENT_TARGET = 15.0;
				MTL_ENABLE_DEBUG_INFO = NO;
				MTL_FAST_MATH = YES;
				SDKROOT = iphoneos;
				SWIFT_COMPILATION_MODE = wholemodule;
				SWIFT_OPTIMIZATION_LEVEL = "-O";
				VALIDATE_PRODUCT = YES;
			};
			name = Release;
		};
		A36B1AC82B98910F00EF893B /* Debug */ = {
			isa = XCBuildConfiguration;
			buildSettings = {
				ASSETCATALOG_COMPILER_APPICON_NAME = AppIcon;
				ASSETCATALOG_COMPILER_GLOBAL_ACCENT_COLOR_NAME = AccentColor;
				CODE_SIGN_STYLE = Automatic;
				CURRENT_PROJECT_VERSION = 1;
				DEVELOPMENT_ASSET_PATHS = "\"Login_And_Register/Preview Content\"";
				ENABLE_PREVIEWS = YES;
				GENERATE_INFOPLIST_FILE = YES;
				INFOPLIST_KEY_UIApplicationSceneManifest_Generation = YES;
				INFOPLIST_KEY_UIApplicationSupportsIndirectInputEvents = YES;
				INFOPLIST_KEY_UILaunchScreen_Generation = YES;
				INFOPLIST_KEY_UISupportedInterfaceOrientations_iPad = "UIInterfaceOrientationPortrait UIInterfaceOrientationPortraitUpsideDown UIInterfaceOrientationLandscapeLeft UIInterfaceOrientationLandscapeRight";
				INFOPLIST_KEY_UISupportedInterfaceOrientations_iPhone = "UIInterfaceOrientationPortrait UIInterfaceOrientationLandscapeLeft UIInterfaceOrientationLandscapeRight";
				LD_RUNPATH_SEARCH_PATHS = (
					"$(inherited)",
					"@executable_path/Frameworks",
				);
				MARKETING_VERSION = 1.0;
				PRODUCT_BUNDLE_IDENTIFIER = "com.company.Login-And-Register";
				PRODUCT_NAME = "$(TARGET_NAME)";
				SWIFT_EMIT_LOC_STRINGS = YES;
				SWIFT_VERSION = 5.0;
				TARGETED_DEVICE_FAMILY = "1,2";
			};
			name = Debug;
		};
		A36B1AC92B98910F00EF893B /* Release */ = {
			isa = XCBuildConfiguration;
			buildSettings = {
				ASSETCATALOG_COMPILER_APPICON_NAME = AppIcon;
				ASSETCATALOG_COMPILER_GLOBAL_ACCENT_COLOR_NAME = AccentColor;
				CODE_SIGN_STYLE = Automatic;
				CURRENT_PROJECT_VERSION = 1;
				DEVELOPMENT_ASSET_PATHS = "\"Login_And_Register/Preview Content\"";
				ENABLE_PREVIEWS = YES;
				GENERATE_INFOPLIST_FILE = YES;
				INFOPLIST_KEY_UIApplicationSceneManifest_Generation = YES;
				INFOPLIST_KEY_UIApplicationSupportsIndirectInputEvents = YES;
				INFOPLIST_KEY_UILaunchScreen_Generation = YES;
				INFOPLIST_KEY_UISupportedInterfaceOrientations_iPad = "UIInterfaceOrientationPortrait UIInterfaceOrientationPortraitUpsideDown UIInterfaceOrientationLandscapeLeft UIInterfaceOrientationLandscapeRight";
				INFOPLIST_KEY_UISupportedInterfaceOrientations_iPhone = "UIInterfaceOrientationPortrait UIInterfaceOrientationLandscapeLeft UIInterfaceOrientationLandscapeRight";
				LD_RUNPATH_SEARCH_PATHS = (
					"$(inherited)",
					"@executable_path/Frameworks",
				);
				MARKETING_VERSION = 1.0;
				PRODUCT_BUNDLE_IDENTIFIER = "com.company.Login-And-Register";
				PRODUCT_NAME = "$(TARGET_NAME)";
				SWIFT_EMIT_LOC_STRINGS = YES;
				SWIFT_VERSION = 5.0;
				TARGETED_DEVICE_FAMILY = "1,2";
			};
			name = Release;
		};
/* End XCBuildConfiguration section */

/* Begin XCConfigurationList section */
		A36B1AB42B98910D00EF893B /* Build configuration list for PBXProject "Login_And_Register" */ = {
			isa = XCConfigurationList;
			buildConfigurations = (
				A36B1AC52B98910F00EF893B /* Debug */,
				A36B1AC62B98910F00EF893B /* Release */,
			);
			defaultConfigurationIsVisible = 0;
			defaultConfigurationName = Release;
		};
		A36B1AC72B98910F00EF893B /* Build configuration list for PBXNativeTarget "Login_And_Register" */ = {
			isa = XCConfigurationList;
			buildConfigurations = (
				A36B1AC82B98910F00EF893B /* Debug */,
				A36B1AC92B98910F00EF893B /* Release */,
			);
			defaultConfigurationIsVisible = 0;
			defaultConfigurationName = Release;
		};
/* End XCConfigurationList section */
	};
	rootObject = A36B1AB12B98910D00EF893B /* Project object */;
}
